PODS:
  - Alamofire (5.9.1)
  - Flutter (1.0.0)
  - flutter_blue (0.0.1):
    - Flutter
    - flutter_blue/Protos (= 0.0.1)
  - flutter_blue/Protos (0.0.1):
    - Flutter
    - Protobuf (~> 3.11.4)
  - HandyJSON (5.0.2)
  - image_picker_ios (0.0.1):
    - Flutter
  - IQKeyboardManagerSwift (6.5.16)
  - JTOSSUploader-iOS (0.2.2):
    - Alamofire
  - oss_plugin (0.0.2):
    - Flutter
    - JTOSSUploader-iOS
  - package_info (0.0.1):
    - Flutter
  - Protobuf (3.11.4)
  - SnapKit (5.7.1)
  - SwiftDate (6.3.1)
  - SwiftSoup (2.6.1)
  - url_launcher_ios (0.0.1):
    - Flutter

DEPENDENCIES:
  - Flutter (from `Flutter`)
  - flutter_blue (from `.symlinks/plugins/flutter_blue/ios`)
  - HandyJSON
  - image_picker_ios (from `.symlinks/plugins/image_picker_ios/ios`)
  - IQKeyboardManagerSwift
  - oss_plugin (from `.symlinks/plugins/oss_plugin/ios`)
  - package_info (from `.symlinks/plugins/package_info/ios`)
  - SnapKit
  - SwiftDate
  - SwiftSoup (~> 2.6.1)
  - url_launcher_ios (from `.symlinks/plugins/url_launcher_ios/ios`)

SPEC REPOS:
  http://code.jms.com/mobile/module/ios/jtspec.git:
    - JTOSSUploader-iOS
  trunk:
    - Alamofire
    - HandyJSON
    - IQKeyboardManagerSwift
    - Protobuf
    - SnapKit
    - SwiftDate
    - SwiftSoup

EXTERNAL SOURCES:
  Flutter:
    :path: Flutter
  flutter_blue:
    :path: ".symlinks/plugins/flutter_blue/ios"
  image_picker_ios:
    :path: ".symlinks/plugins/image_picker_ios/ios"
  oss_plugin:
    :path: ".symlinks/plugins/oss_plugin/ios"
  package_info:
    :path: ".symlinks/plugins/package_info/ios"
  url_launcher_ios:
    :path: ".symlinks/plugins/url_launcher_ios/ios"

SPEC CHECKSUMS:
  Alamofire: f36a35757af4587d8e4f4bfa223ad10be2422b8c
  Flutter: e0871f40cf51350855a761d2e70bf5af5b9b5de7
  flutter_blue: eeb381dc4727a0954dede73515f683865494b370
  HandyJSON: 9e4e236f5d2dbefad5155a77417bbea438201c03
  image_picker_ios: 4a8aadfbb6dc30ad5141a2ce3832af9214a705b5
  IQKeyboardManagerSwift: 12d89768845bb77b55cc092ecc2b1f9370f06b76
  JTOSSUploader-iOS: 039422f51662ba179d1d5cef26cfeb6792e220a4
  oss_plugin: 69237cb3e06ca3a05777b12d44138f16a47ba978
  package_info: 873975fc26034f0b863a300ad47e7f1ac6c7ec62
  Protobuf: 176220c526ad8bd09ab1fb40a978eac3fef665f7
  SnapKit: d612e99e678a2d3b95bf60b0705ed0a35c03484a
  SwiftDate: 72d28954e8e1c6c1c0f917ccc8005e4f83c7d4b2
  SwiftSoup: 5dd2c1b06afc964f30d99894af6ede22ede627aa
  url_launcher_ios: 68d46cc9766d0c41dbdc884310529557e3cd7a86

PODFILE CHECKSUM: 2a958ada44388d8654e0d4dfd540f6a334c8f0ea

COCOAPODS: 1.13.0
