PODS:
  - Alamofire (5.10.2)
  - AlicloudPDNS (2.1.9)
  - dsBridge (3.0.6)
  - Flutter (1.0.0)
  - flutter_blue (0.0.1):
    - Flutter
    - flutter_blue/Protos (= 0.0.1)
  - flutter_blue/Protos (0.0.1):
    - Flutter
    - Protobuf (~> 3.11.4)
  - HandyJSON (5.1.3)
  - IQKeyboardManagerSwift (6.5.16)
  - JTOSSUploader-iOS (0.3.2):
    - Alamofire
  - package_info (0.0.1):
    - Flutter
  - Protobuf (3.11.4)
  - SnapKit (5.7.1)
  - SwiftDate (6.3.1)
  - SwiftSoup (2.6.1)
  - url_launcher_ios (0.0.1):
    - Flutter

DEPENDENCIES:
  - AlicloudPDNS
  - dsBridge
  - Flutter (from `Flutter`)
  - flutter_blue (from `.symlinks/plugins/flutter_blue/ios`)
  - HandyJSON
  - IQKeyboardManagerSwift
  - JTOSSUploader-iOS
  - package_info (from `.symlinks/plugins/package_info/ios`)
  - SnapKit
  - SwiftDate
  - SwiftSoup (~> 2.6.1)
  - url_launcher_ios (from `.symlinks/plugins/url_launcher_ios/ios`)

SPEC REPOS:
  http://code.jms.com/mobile/module/ios/jtspec.git:
    - HandyJSON
    - JTOSSUploader-iOS
  https://github.com/aliyun/aliyun-specs.git:
    - AlicloudPDNS
  trunk:
    - Alamofire
    - dsBridge
    - IQKeyboardManagerSwift
    - Protobuf
    - SnapKit
    - SwiftDate
    - SwiftSoup

EXTERNAL SOURCES:
  Flutter:
    :path: Flutter
  flutter_blue:
    :path: ".symlinks/plugins/flutter_blue/ios"
  package_info:
    :path: ".symlinks/plugins/package_info/ios"
  url_launcher_ios:
    :path: ".symlinks/plugins/url_launcher_ios/ios"

SPEC CHECKSUMS:
  Alamofire: 7193b3b92c74a07f85569e1a6c4f4237291e7496
  AlicloudPDNS: 6eda4d8af312b1e0824a58d97a2f5edf71531186
  dsBridge: 48b62ee8a411ad601a88d6f6c8cf6cb634b206b7
  Flutter: e0871f40cf51350855a761d2e70bf5af5b9b5de7
  flutter_blue: eeb381dc4727a0954dede73515f683865494b370
  HandyJSON: f6bb9897592b8ceed3ba63908b2da01805f4e44b
  IQKeyboardManagerSwift: 12d89768845bb77b55cc092ecc2b1f9370f06b76
  JTOSSUploader-iOS: 244f6c268e63741f10cc7c72cbaeb82d73393698
  package_info: 873975fc26034f0b863a300ad47e7f1ac6c7ec62
  Protobuf: 176220c526ad8bd09ab1fb40a978eac3fef665f7
  SnapKit: d612e99e678a2d3b95bf60b0705ed0a35c03484a
  SwiftDate: 72d28954e8e1c6c1c0f917ccc8005e4f83c7d4b2
  SwiftSoup: 5dd2c1b06afc964f30d99894af6ede22ede627aa
  url_launcher_ios: 5334b05cef931de560670eeae103fd3e431ac3fe

PODFILE CHECKSUM: 3d0131178e917e27d7873f7172b0d8797f83e3e2

COCOAPODS: 1.13.0
